
Microsoft Visual Studio Solution File, Format Version 12.00
# Visual Studio Version 17
VisualStudioVersion = 17.8.34525.116
MinimumVisualStudioVersion = 10.0.40219.1
Project("{FAE04EC0-301F-11D3-BF4B-00C04F79EFBC}") = "BusinessClockApi", "BusinessClockApi\BusinessClockApi.csproj", "{9373D9A5-4EE6-4ED0-89B4-AA2961CC16D2}"
EndProject
Project("{FAE04EC0-301F-11D3-BF4B-00C04F79EFBC}") = "BusinessClockApi.ContractTests", "BusinessClockApi.ContractTests\BusinessClockApi.ContractTests.csproj", "{96268503-D74D-4368-B55C-B215C3432A82}"
EndProject
Project("{FAE04EC0-301F-11D3-BF4B-00C04F79EFBC}") = "BusinessClockApi.UnitTests", "BusinessClockApi.UnitTests\BusinessClockApi.UnitTests.csproj", "{57AABD31-C499-449C-B883-29E5C1E97277}"
EndProject
Global
	GlobalSection(SolutionConfigurationPlatforms) = preSolution
		Debug|Any CPU = Debug|Any CPU
		Release|Any CPU = Release|Any CPU
	EndGlobalSection
	GlobalSection(ProjectConfigurationPlatforms) = postSolution
		{9373D9A5-4EE6-4ED0-89B4-AA2961CC16D2}.Debug|Any CPU.ActiveCfg = Debug|Any CPU
		{9373D9A5-4EE6-4ED0-89B4-AA2961CC16D2}.Debug|Any CPU.Build.0 = Debug|Any CPU
		{9373D9A5-4EE6-4ED0-89B4-AA2961CC16D2}.Release|Any CPU.ActiveCfg = Release|Any CPU
		{9373D9A5-4EE6-4ED0-89B4-AA2961CC16D2}.Release|Any CPU.Build.0 = Release|Any CPU
		{96268503-D74D-4368-B55C-B215C3432A82}.Debug|Any CPU.ActiveCfg = Debug|Any CPU
		{96268503-D74D-4368-B55C-B215C3432A82}.Debug|Any CPU.Build.0 = Debug|Any CPU
		{96268503-D74D-4368-B55C-B215C3432A82}.Release|Any CPU.ActiveCfg = Release|Any CPU
		{96268503-D74D-4368-B55C-B215C3432A82}.Release|Any CPU.Build.0 = Release|Any CPU
		{57AABD31-C499-449C-B883-29E5C1E97277}.Debug|Any CPU.ActiveCfg = Debug|Any CPU
		{57AABD31-C499-449C-B883-29E5C1E97277}.Debug|Any CPU.Build.0 = Debug|Any CPU
		{57AABD31-C499-449C-B883-29E5C1E97277}.Release|Any CPU.ActiveCfg = Release|Any CPU
		{57AABD31-C499-449C-B883-29E5C1E97277}.Release|Any CPU.Build.0 = Release|Any CPU
	EndGlobalSection
	GlobalSection(SolutionProperties) = preSolution
		HideSolutionNode = FALSE
	EndGlobalSection
	GlobalSection(ExtensibilityGlobals) = postSolution
		SolutionGuid = {23BD44C3-5731-4076-A107-9FE55482463F}
	EndGlobalSection
EndGlobal
